
Microsoft Visual Studio Solution File, Format Version 12.00
# Visual Studio Version 16
VisualStudioVersion = 16.0.31229.75
MinimumVisualStudioVersion = 10.0.40219.1
Project("{FAE04EC0-301F-11D3-BF4B-00C04F79EFBC}") = "ConsoleAppCSharpDemoCallingOAuthAPI", "ConsoleAppCSharpDemoCallingOAuthAPI\ConsoleAppCSharpDemoCallingOAuthAPI.csproj", "{903B5BAF-34D8-439F-B7D3-F6CE533DBC38}"
EndProject
Global
	GlobalSection(SolutionConfigurationPlatforms) = preSolution
		Debug|Any CPU = Debug|Any CPU
		Release|Any CPU = Release|Any CPU
	EndGlobalSection
	GlobalSection(ProjectConfigurationPlatforms) = postSolution
		{903B5BAF-34D8-439F-B7D3-F6CE533DBC38}.Debug|Any CPU.ActiveCfg = Debug|Any CPU
		{903B5BAF-34D8-439F-B7D3-F6CE533DBC38}.Debug|Any CPU.Build.0 = Debug|Any CPU
		{903B5BAF-34D8-439F-B7D3-F6CE533DBC38}.Release|Any CPU.ActiveCfg = Release|Any CPU
		{903B5BAF-34D8-439F-B7D3-F6CE533DBC38}.Release|Any CPU.Build.0 = Release|Any CPU
	EndGlobalSection
	GlobalSection(SolutionProperties) = preSolution
		HideSolutionNode = FALSE
	EndGlobalSection
	GlobalSection(ExtensibilityGlobals) = postSolution
		SolutionGuid = {B3B2567D-7611-4B1D-8A75-2EB006A23D6B}
	EndGlobalSection
EndGlobal
